
Microsoft Visual Studio Solution File, Format Version 11.00
# Visual Studio 2010
Project("{FAE04EC0-301F-11D3-BF4B-00C04F79EFBC}") = "ExportCncFab", "ExportCncFab\ExportCncFab.csproj", "{A1BC4DB9-BE95-4490-9ED7-81A9B50D6DB4}"
EndProject
Global
	GlobalSection(SolutionConfigurationPlatforms) = preSolution
		Debug|Any CPU = Debug|Any CPU
		Release|Any CPU = Release|Any CPU
	EndGlobalSection
	GlobalSection(ProjectConfigurationPlatforms) = postSolution
		{A1BC4DB9-BE95-4490-9ED7-81A9B50D6DB4}.Debug|Any CPU.ActiveCfg = Debug|Any CPU
		{A1BC4DB9-BE95-4490-9ED7-81A9B50D6DB4}.Debug|Any CPU.Build.0 = Debug|Any CPU
		{A1BC4DB9-BE95-4490-9ED7-81A9B50D6DB4}.Release|Any CPU.ActiveCfg = Release|Any CPU
		{A1BC4DB9-BE95-4490-9ED7-81A9B50D6DB4}.Release|Any CPU.Build.0 = Release|Any CPU
	EndGlobalSection
	GlobalSection(SolutionProperties) = preSolution
		HideSolutionNode = FALSE
	EndGlobalSection
EndGlobal
